
Microsoft Visual Studio Solution File, Format Version 12.00
# Visual Studio Version 17
VisualStudioVersion = 17.2.32526.322
MinimumVisualStudioVersion = 10.0.40219.1
Project("{FAE04EC0-301F-11D3-BF4B-00C04F79EFBC}") = "XmlDataSource", "XmlDataSource\XmlDataSource.csproj", "{3031E3AA-1DB6-4214-936C-D5F998559980}"
EndProject
Global
	GlobalSection(SolutionConfigurationPlatforms) = preSolution
		Debug|Any CPU = Debug|Any CPU
		Release|Any CPU = Release|Any CPU
	EndGlobalSection
	GlobalSection(ProjectConfigurationPlatforms) = postSolution
		{3031E3AA-1DB6-4214-936C-D5F998559980}.Debug|Any CPU.ActiveCfg = Debug|Any CPU
		{3031E3AA-1DB6-4214-936C-D5F998559980}.Debug|Any CPU.Build.0 = Debug|Any CPU
		{3031E3AA-1DB6-4214-936C-D5F998559980}.Release|Any CPU.ActiveCfg = Release|Any CPU
		{3031E3AA-1DB6-4214-936C-D5F998559980}.Release|Any CPU.Build.0 = Release|Any CPU
	EndGlobalSection
	GlobalSection(SolutionProperties) = preSolution
		HideSolutionNode = FALSE
	EndGlobalSection
	GlobalSection(ExtensibilityGlobals) = postSolution
		SolutionGuid = {C7807381-2593-4CC5-A092-34D9FA64663C}
	EndGlobalSection
EndGlobal
